
Microsoft Visual Studio Solution File, Format Version 11.00
# Visual Studio 2010
Project("{FAE04EC0-301F-11D3-BF4B-00C04F79EFBC}") = "Mappers", "Mappers\Mappers.csproj", "{BAFEF3C4-562E-4FD6-A50D-FD63918F2AEF}"
EndProject
Project("{FAE04EC0-301F-11D3-BF4B-00C04F79EFBC}") = "Model", "Model\Model.csproj", "{B134FDC1-A2CB-4AD5-A106-DB236EFF5201}"
EndProject
Project("{FAE04EC0-301F-11D3-BF4B-00C04F79EFBC}") = "WebServerMVC", "WebServerMVC\WebServerMVC.csproj", "{CD48262D-8B55-4CDC-9EE9-43F7D016286B}"
EndProject
Project("{FAE04EC0-301F-11D3-BF4B-00C04F79EFBC}") = "AuthModule", "AuthModule\AuthModule.csproj", "{F6F6FDC4-287E-488D-803A-F846D06FE901}"
EndProject
Project("{FAE04EC0-301F-11D3-BF4B-00C04F79EFBC}") = "SuperWebSocket", "..\..\..\..\..\..\..\Users\João\Documents\Documents\Programming\C# (.NET)\WebSockets Server\SuperWebSocket\SuperWebSocket.csproj", "{2DC79E40-BB70-4F6A-B378-905F2FBC6E97}"
EndProject
Global
	GlobalSection(SolutionConfigurationPlatforms) = preSolution
		Debug|Any CPU = Debug|Any CPU
		Debug|Mixed Platforms = Debug|Mixed Platforms
		Debug|x86 = Debug|x86
		Release|Any CPU = Release|Any CPU
		Release|Mixed Platforms = Release|Mixed Platforms
		Release|x86 = Release|x86
	EndGlobalSection
	GlobalSection(ProjectConfigurationPlatforms) = postSolution
		{BAFEF3C4-562E-4FD6-A50D-FD63918F2AEF}.Debug|Any CPU.ActiveCfg = Debug|Any CPU
		{BAFEF3C4-562E-4FD6-A50D-FD63918F2AEF}.Debug|Any CPU.Build.0 = Debug|Any CPU
		{BAFEF3C4-562E-4FD6-A50D-FD63918F2AEF}.Debug|Mixed Platforms.ActiveCfg = Debug|Any CPU
		{BAFEF3C4-562E-4FD6-A50D-FD63918F2AEF}.Debug|Mixed Platforms.Build.0 = Debug|Any CPU
		{BAFEF3C4-562E-4FD6-A50D-FD63918F2AEF}.Debug|x86.ActiveCfg = Debug|Any CPU
		{BAFEF3C4-562E-4FD6-A50D-FD63918F2AEF}.Release|Any CPU.ActiveCfg = Release|Any CPU
		{BAFEF3C4-562E-4FD6-A50D-FD63918F2AEF}.Release|Any CPU.Build.0 = Release|Any CPU
		{BAFEF3C4-562E-4FD6-A50D-FD63918F2AEF}.Release|Mixed Platforms.ActiveCfg = Release|Any CPU
		{BAFEF3C4-562E-4FD6-A50D-FD63918F2AEF}.Release|Mixed Platforms.Build.0 = Release|Any CPU
		{BAFEF3C4-562E-4FD6-A50D-FD63918F2AEF}.Release|x86.ActiveCfg = Release|Any CPU
		{B134FDC1-A2CB-4AD5-A106-DB236EFF5201}.Debug|Any CPU.ActiveCfg = Debug|Any CPU
		{B134FDC1-A2CB-4AD5-A106-DB236EFF5201}.Debug|Any CPU.Build.0 = Debug|Any CPU
		{B134FDC1-A2CB-4AD5-A106-DB236EFF5201}.Debug|Mixed Platforms.ActiveCfg = Debug|Any CPU
		{B134FDC1-A2CB-4AD5-A106-DB236EFF5201}.Debug|Mixed Platforms.Build.0 = Debug|Any CPU
		{B134FDC1-A2CB-4AD5-A106-DB236EFF5201}.Debug|x86.ActiveCfg = Debug|Any CPU
		{B134FDC1-A2CB-4AD5-A106-DB236EFF5201}.Release|Any CPU.ActiveCfg = Release|Any CPU
		{B134FDC1-A2CB-4AD5-A106-DB236EFF5201}.Release|Any CPU.Build.0 = Release|Any CPU
		{B134FDC1-A2CB-4AD5-A106-DB236EFF5201}.Release|Mixed Platforms.ActiveCfg = Release|Any CPU
		{B134FDC1-A2CB-4AD5-A106-DB236EFF5201}.Release|Mixed Platforms.Build.0 = Release|Any CPU
		{B134FDC1-A2CB-4AD5-A106-DB236EFF5201}.Release|x86.ActiveCfg = Release|Any CPU
		{CD48262D-8B55-4CDC-9EE9-43F7D016286B}.Debug|Any CPU.ActiveCfg = Debug|Any CPU
		{CD48262D-8B55-4CDC-9EE9-43F7D016286B}.Debug|Any CPU.Build.0 = Debug|Any CPU
		{CD48262D-8B55-4CDC-9EE9-43F7D016286B}.Debug|Mixed Platforms.ActiveCfg = Debug|Any CPU
		{CD48262D-8B55-4CDC-9EE9-43F7D016286B}.Debug|Mixed Platforms.Build.0 = Debug|Any CPU
		{CD48262D-8B55-4CDC-9EE9-43F7D016286B}.Debug|x86.ActiveCfg = Debug|Any CPU
		{CD48262D-8B55-4CDC-9EE9-43F7D016286B}.Release|Any CPU.ActiveCfg = Release|Any CPU
		{CD48262D-8B55-4CDC-9EE9-43F7D016286B}.Release|Any CPU.Build.0 = Release|Any CPU
		{CD48262D-8B55-4CDC-9EE9-43F7D016286B}.Release|Mixed Platforms.ActiveCfg = Release|Any CPU
		{CD48262D-8B55-4CDC-9EE9-43F7D016286B}.Release|Mixed Platforms.Build.0 = Release|Any CPU
		{CD48262D-8B55-4CDC-9EE9-43F7D016286B}.Release|x86.ActiveCfg = Release|Any CPU
		{F6F6FDC4-287E-488D-803A-F846D06FE901}.Debug|Any CPU.ActiveCfg = Debug|Any CPU
		{F6F6FDC4-287E-488D-803A-F846D06FE901}.Debug|Any CPU.Build.0 = Debug|Any CPU
		{F6F6FDC4-287E-488D-803A-F846D06FE901}.Debug|Mixed Platforms.ActiveCfg = Debug|Any CPU
		{F6F6FDC4-287E-488D-803A-F846D06FE901}.Debug|Mixed Platforms.Build.0 = Debug|Any CPU
		{F6F6FDC4-287E-488D-803A-F846D06FE901}.Debug|x86.ActiveCfg = Debug|Any CPU
		{F6F6FDC4-287E-488D-803A-F846D06FE901}.Release|Any CPU.ActiveCfg = Release|Any CPU
		{F6F6FDC4-287E-488D-803A-F846D06FE901}.Release|Any CPU.Build.0 = Release|Any CPU
		{F6F6FDC4-287E-488D-803A-F846D06FE901}.Release|Mixed Platforms.ActiveCfg = Release|Any CPU
		{F6F6FDC4-287E-488D-803A-F846D06FE901}.Release|Mixed Platforms.Build.0 = Release|Any CPU
		{F6F6FDC4-287E-488D-803A-F846D06FE901}.Release|x86.ActiveCfg = Release|Any CPU
		{2DC79E40-BB70-4F6A-B378-905F2FBC6E97}.Debug|Any CPU.ActiveCfg = Debug|Any CPU
		{2DC79E40-BB70-4F6A-B378-905F2FBC6E97}.Debug|Any CPU.Build.0 = Debug|Any CPU
		{2DC79E40-BB70-4F6A-B378-905F2FBC6E97}.Debug|Mixed Platforms.ActiveCfg = Debug|Any CPU
		{2DC79E40-BB70-4F6A-B378-905F2FBC6E97}.Debug|Mixed Platforms.Build.0 = Debug|Any CPU
		{2DC79E40-BB70-4F6A-B378-905F2FBC6E97}.Debug|x86.ActiveCfg = Debug|Any CPU
		{2DC79E40-BB70-4F6A-B378-905F2FBC6E97}.Release|Any CPU.ActiveCfg = Release|Any CPU
		{2DC79E40-BB70-4F6A-B378-905F2FBC6E97}.Release|Any CPU.Build.0 = Release|Any CPU
		{2DC79E40-BB70-4F6A-B378-905F2FBC6E97}.Release|Mixed Platforms.ActiveCfg = Release|Any CPU
		{2DC79E40-BB70-4F6A-B378-905F2FBC6E97}.Release|Mixed Platforms.Build.0 = Release|Any CPU
		{2DC79E40-BB70-4F6A-B378-905F2FBC6E97}.Release|x86.ActiveCfg = Release|Any CPU
	EndGlobalSection
	GlobalSection(SolutionProperties) = preSolution
		HideSolutionNode = FALSE
	EndGlobalSection
EndGlobal
